
Microsoft Visual Studio Solution File, Format Version 12.00
# Visual Studio 2013
VisualStudioVersion = 12.0.30501.0
MinimumVisualStudioVersion = 10.0.40219.1
Project("{FAE04EC0-301F-11D3-BF4B-00C04F79EFBC}") = "EU4.Savegame", "EU4.Savegame\EU4.Savegame.csproj", "{CCACDF91-FD68-4C91-836E-7E5E90DFAE4C}"
EndProject
Project("{FAE04EC0-301F-11D3-BF4B-00C04F79EFBC}") = "EU4.Savegame.Test", "EU4.Savegame.Test\EU4.Savegame.Test.csproj", "{F876DC20-2BD4-4C5B-BBE0-D742DA5C72D1}"
EndProject
Project("{2150E333-8FDC-42A3-9474-1A3956D46DE8}") = "Solution Items", "Solution Items", "{D28CF6FC-7FEE-43AA-9367-70C6D8F64D7D}"
	ProjectSection(SolutionItems) = preProject
		SharedAssemblyInfo.cs = SharedAssemblyInfo.cs
	EndProjectSection
EndProject
Project("{2150E333-8FDC-42A3-9474-1A3956D46DE8}") = ".nuget", ".nuget", "{D4907404-55E4-4AE0-8027-6B88CF44DCB0}"
	ProjectSection(SolutionItems) = preProject
		.nuget\NuGet.Config = .nuget\NuGet.Config
		.nuget\NuGet.exe = .nuget\NuGet.exe
		.nuget\NuGet.targets = .nuget\NuGet.targets
	EndProjectSection
EndProject
Project("{2150E333-8FDC-42A3-9474-1A3956D46DE8}") = "samples", "samples", "{62BD6B1C-3826-484E-88AF-180D0949ADE5}"
	ProjectSection(SolutionItems) = preProject
		samples\ledger.fsx = samples\ledger.fsx
		samples\wars.fsx = samples\wars.fsx
	EndProjectSection
EndProject
Project("{F2A71F9B-5D33-465A-A702-920D77279786}") = "EU4.Stats", "EU4.Stats\EU4.Stats.fsproj", "{DAED58F2-6250-47F3-BC94-D2AD1616648B}"
EndProject
Project("{FAE04EC0-301F-11D3-BF4B-00C04F79EFBC}") = "EU4.Stats.Web", "EU4.Stats.Web\server\EU4.Stats.Web.csproj", "{1E09693E-DB50-4BD1-8D77-27646D488360}"
EndProject
Global
	GlobalSection(SolutionConfigurationPlatforms) = preSolution
		Debug|Any CPU = Debug|Any CPU
		Release|Any CPU = Release|Any CPU
	EndGlobalSection
	GlobalSection(ProjectConfigurationPlatforms) = postSolution
		{CCACDF91-FD68-4C91-836E-7E5E90DFAE4C}.Debug|Any CPU.ActiveCfg = Debug|Any CPU
		{CCACDF91-FD68-4C91-836E-7E5E90DFAE4C}.Debug|Any CPU.Build.0 = Debug|Any CPU
		{CCACDF91-FD68-4C91-836E-7E5E90DFAE4C}.Release|Any CPU.ActiveCfg = Release|Any CPU
		{CCACDF91-FD68-4C91-836E-7E5E90DFAE4C}.Release|Any CPU.Build.0 = Release|Any CPU
		{F876DC20-2BD4-4C5B-BBE0-D742DA5C72D1}.Debug|Any CPU.ActiveCfg = Debug|Any CPU
		{F876DC20-2BD4-4C5B-BBE0-D742DA5C72D1}.Debug|Any CPU.Build.0 = Debug|Any CPU
		{F876DC20-2BD4-4C5B-BBE0-D742DA5C72D1}.Release|Any CPU.ActiveCfg = Release|Any CPU
		{F876DC20-2BD4-4C5B-BBE0-D742DA5C72D1}.Release|Any CPU.Build.0 = Release|Any CPU
		{DAED58F2-6250-47F3-BC94-D2AD1616648B}.Debug|Any CPU.ActiveCfg = Debug|Any CPU
		{DAED58F2-6250-47F3-BC94-D2AD1616648B}.Debug|Any CPU.Build.0 = Debug|Any CPU
		{DAED58F2-6250-47F3-BC94-D2AD1616648B}.Release|Any CPU.ActiveCfg = Release|Any CPU
		{DAED58F2-6250-47F3-BC94-D2AD1616648B}.Release|Any CPU.Build.0 = Release|Any CPU
		{1E09693E-DB50-4BD1-8D77-27646D488360}.Debug|Any CPU.ActiveCfg = Debug|Any CPU
		{1E09693E-DB50-4BD1-8D77-27646D488360}.Debug|Any CPU.Build.0 = Debug|Any CPU
		{1E09693E-DB50-4BD1-8D77-27646D488360}.Release|Any CPU.ActiveCfg = Release|Any CPU
		{1E09693E-DB50-4BD1-8D77-27646D488360}.Release|Any CPU.Build.0 = Release|Any CPU
	EndGlobalSection
	GlobalSection(SolutionProperties) = preSolution
		HideSolutionNode = FALSE
	EndGlobalSection
EndGlobal
